PATH
  remote: clogs
  specs:
    clogs (0.1.0)
      chunky_png (~> 1.4)
      lacci (>= 0.5.0)
      libui (~> 0.2)

GEM
  remote: https://rubygems.org/
  specs:
    chunky_png (1.4.0)
    fiddle (1.1.8)
    fxruby (1.6.50)
      mini_portile2 (~> 2.1)
    lacci (0.5.0)
      scarpe-components (~> 0.4.0)
    libui (0.2.4)
      fiddle
    libui (0.2.4-aarch64-linux)
      fiddle
    libui (0.2.4-arm64-darwin)
      fiddle
    libui (0.2.4-x86_64-darwin)
      fiddle
    libui (0.2.4-x86_64-linux)
      fiddle
    mini_portile2 (2.8.9)
    minitest (5.27.0)
    nokogiri (1.19.4-aarch64-linux-gnu)
      racc (~> 1.4)
    nokogiri (1.19.4-aarch64-linux-musl)
      racc (~> 1.4)
    nokogiri (1.19.4-arm-linux-gnu)
      racc (~> 1.4)
    nokogiri (1.19.4-arm-linux-musl)
      racc (~> 1.4)
    nokogiri (1.19.4-arm64-darwin)
      racc (~> 1.4)
    nokogiri (1.19.4-x86_64-darwin)
      racc (~> 1.4)
    nokogiri (1.19.4-x86_64-linux-gnu)
      racc (~> 1.4)
    nokogiri (1.19.4-x86_64-linux-musl)
      racc (~> 1.4)
    openssl (4.0.2)
    plat4m (1.1.8)
    power_assert (3.1.0)
    racc (1.8.1)
    rake (13.4.2)
    scarpe-components (0.4.0)
    sqlite3 (2.9.5-aarch64-linux-gnu)
    sqlite3 (2.9.5-aarch64-linux-musl)
    sqlite3 (2.9.5-arm-linux-gnu)
    sqlite3 (2.9.5-arm-linux-musl)
    sqlite3 (2.9.5-arm64-darwin)
    sqlite3 (2.9.5-x86_64-darwin)
    sqlite3 (2.9.5-x86_64-linux-gnu)
    sqlite3 (2.9.5-x86_64-linux-musl)
    wxruby3 (1.8.1)
      minitest (>= 5.15)
      nokogiri (~> 1.12)
      openssl (~> 4.0)
      plat4m (~> 1.1)
      power_assert (~> 3.0)
      rake

PLATFORMS
  aarch64-linux
  aarch64-linux-gnu
  aarch64-linux-musl
  arm-linux-gnu
  arm-linux-musl
  arm64-darwin
  x86_64-darwin
  x86_64-linux-gnu
  x86_64-linux-musl

DEPENDENCIES
  clogs!
  fxruby (~> 1.6)
  minitest (~> 5.0)
  nokogiri
  rake
  sqlite3
  wxruby3 (~> 1.8)

CHECKSUMS
  bundler (4.0.18) sha256=02d9a17429de1847b4e0c9f27a9ee4b20c0a74c0a641b4e77195d6019e3618ac
  chunky_png (1.4.0) sha256=89d5b31b55c0cf4da3cf89a2b4ebc3178d8abe8cbaf116a1dba95668502fdcfe
  clogs (0.1.0)
  fiddle (1.1.8) sha256=7fa8ee3627271497f3add5503acdbc3f40b32f610fc1cf49634f083ef3f32eee
  fxruby (1.6.50) sha256=93cc40a98c66205dc28efe4eb6ea4303e1ef0395919b1b28ff35ff8e04b36983
  lacci (0.5.0) sha256=0fe326ece670774c631439d3e0fa17589cc25bbdb2ea19d867a541b1beea1dde
  libui (0.2.4) sha256=3bf8afb2c6523a08928b21bd850269dcf418940e73193aedaa7fcaab8a61df99
  libui (0.2.4-aarch64-linux) sha256=950ed0dbcf4d939580197ef2c14281cfb7141dd9442accf087538fa7390846ec
  libui (0.2.4-arm64-darwin) sha256=8107b66d9f353fb71896071843aced1a1e939cc860bd38d8648f8dc9469f9c2f
  libui (0.2.4-x86_64-darwin) sha256=0498189f032f222b06c85a8edf5b2e4bd98867d8948094a2b5b82facacaf8c80
  libui (0.2.4-x86_64-linux) sha256=585ba238aca56ba7786faf911753382dcad988acbdbba1ba6e1a4689fb6a2d3b
  mini_portile2 (2.8.9) sha256=0cd7c7f824e010c072e33f68bc02d85a00aeb6fce05bb4819c03dfd3c140c289
  minitest (5.27.0) sha256=2d3b17f8a36fe7801c1adcffdbc38233b938eb0b4966e97a6739055a45fa77d5
  nokogiri (1.19.4-aarch64-linux-gnu) sha256=1269fb644a6de405057a53dd5c762b1209b43ca7424f839454d3dbc677c31a8f
  nokogiri (1.19.4-aarch64-linux-musl) sha256=35c65b9ce72b3bb03207bdbe7067915019dc18c1b9b59139684bd6690fdd01af
  nokogiri (1.19.4-arm-linux-gnu) sha256=a301313e38bb065d68239e79734bcd6f56fb6efaacebde29e9abf2a4735340ca
  nokogiri (1.19.4-arm-linux-musl) sha256=588923c101bcfa78869734d247d25b598674323e7f22474fc468f6e5647311eb
  nokogiri (1.19.4-arm64-darwin) sha256=a46db9853286e6597b36ebc6953817d15acf3a299583eb3f89fdc6f91dd63527
  nokogiri (1.19.4-x86_64-darwin) sha256=7fd17057d3e1f00e9954a74b3cd76595d3d4a5ef233b7ed9599047c204f70551
  nokogiri (1.19.4-x86_64-linux-gnu) sha256=379fae440b28915e3f19d752ce2dcf8465ed2b2fbefd2a7ca0dd497bc981a06a
  nokogiri (1.19.4-x86_64-linux-musl) sha256=17dfb7c1fa194ae02fbf7c51a7afc8d278045ab3fdacfd86f91d02d7b274470b
  openssl (4.0.2) sha256=1037ad2868ae58df9ad917891c0c0f9815a1172f6846d4bcdd508e4c2ee747c2
  plat4m (1.1.8) sha256=33a75459129a68b4b2480934e5c1006a9bedd7c99c28fa8641f049f24471b211
  power_assert (3.1.0) sha256=fefe98ed5d3140628138f3f9f9194d6ece01f1320e69700d3c928adca7518251
  racc (1.8.1) sha256=4a7f6929691dbec8b5209a0b373bc2614882b55fc5d2e447a21aaa691303d62f
  rake (13.4.2) sha256=cb825b2bd5f1f8e91ca37bddb4b9aaf345551b4731da62949be002fa89283701
  scarpe-components (0.4.0) sha256=b7bf23204b90521b2e150d2152cde2a10dd6e4ec53d1946f8118b3c7bcecca7b
  sqlite3 (2.9.5-aarch64-linux-gnu) sha256=78075b6337d3d182c6d2b4691049ed45cd220826160c9ea18946bf6a1de200dc
  sqlite3 (2.9.5-aarch64-linux-musl) sha256=18c801185deb4adc01ddb281e8f672a39e3d1729979ca91e39439cd3eac0402d
  sqlite3 (2.9.5-arm-linux-gnu) sha256=1bdfca0c7d63998c60b0f4a8e3c8df2d33800ccc4abd2d612eddbbbc92a4c48b
  sqlite3 (2.9.5-arm-linux-musl) sha256=bae1109d12b2e9f588455967729b008e1ff4feb7761749df695019c9079913c6
  sqlite3 (2.9.5-arm64-darwin) sha256=d0cf444a70fc9395d513cfbcc1e6719e224aa645314e3824cb0474c721425aa2
  sqlite3 (2.9.5-x86_64-darwin) sha256=8e9caae38bd7ebb29cbeee3e7ab1d12dc2327d9a1b92c7fcf0dda05589627a81
  sqlite3 (2.9.5-x86_64-linux-gnu) sha256=233dbcb6714148dd23bc5aeb33e8efd6eac974969564ddd5794c23d5f52b231e
  sqlite3 (2.9.5-x86_64-linux-musl) sha256=e7d3a7474e8af0f96150c21abc203fbab5437206bfcdf11deab7741c0ca516f2
  wxruby3 (1.8.1) sha256=e23028d5f6fe1aec969ca1ad6a11e82d51614cff25f623101d22ecf085be7fe0

BUNDLED WITH
  4.0.18
